// !$*UTF8*$!
{
	archiveVersion = 1;
	classes = {
	};
	objectVersion = 46;
	objects = {

/* Begin PBXBuildFile section */
		FC94375118F29F68008F3B44 /* Foundation.framework in Frameworks */ = {isa = PBXBuildFile; fileRef = FC94375018F29F68008F3B44 /* Foundation.framework */; };
		FC94375318F29F68008F3B44 /* CoreGraphics.framework in Frameworks */ = {isa = PBXBuildFile; fileRef = FC94375218F29F68008F3B44 /* CoreGraphics.framework */; };
		FC94375518F29F68008F3B44 /* UIKit.framework in Frameworks */ = {isa = PBXBuildFile; fileRef = FC94375418F29F68008F3B44 /* UIKit.framework */; };
		FC94375B18F29F68008F3B44 /* InfoPlist.strings in Resources */ = {isa = PBXBuildFile; fileRef = FC94375918F29F68008F3B44 /* InfoPlist.strings */; };
		FC94375D18F29F68008F3B44 /* main.m in Sources */ = {isa = PBXBuildFile; fileRef = FC94375C18F29F68008F3B44 /* main.m */; };
		FC94376118F29F68008F3B44 /* AppDelegate.m in Sources */ = {isa = PBXBuildFile; fileRef = FC94376018F29F68008F3B44 /* AppDelegate.m */; };
		FC94376318F29F68008F3B44 /* Images.xcassets in Resources */ = {isa = PBXBuildFile; fileRef = FC94376218F29F68008F3B44 /* Images.xcassets */; };
		FC94376A18F29F69008F3B44 /* XCTest.framework in Frameworks */ = {isa = PBXBuildFile; fileRef = FC94376918F29F69008F3B44 /* XCTest.framework */; };
		FC94376B18F29F69008F3B44 /* Foundation.framework in Frameworks */ = {isa = PBXBuildFile; fileRef = FC94375018F29F68008F3B44 /* Foundation.framework */; };
		FC94376C18F29F69008F3B44 /* UIKit.framework in Frameworks */ = {isa = PBXBuildFile; fileRef = FC94375418F29F68008F3B44 /* UIKit.framework */; };
		FC94377418F29F69008F3B44 /* InfoPlist.strings in Resources */ = {isa = PBXBuildFile; fileRef = FC94377218F29F69008F3B44 /* InfoPlist.strings */; };
		FC94377618F29F69008F3B44 /* AgainToDoListTests.m in Sources */ = {isa = PBXBuildFile; fileRef = FC94377518F29F69008F3B44 /* AgainToDoListTests.m */; };
		FC94378018F2A19D008F3B44 /* Main.storyboard in Resources */ = {isa = PBXBuildFile; fileRef = FC94377F18F2A19D008F3B44 /* Main.storyboard */; };
		FC94378318F2B0DD008F3B44 /* AddToDoItemViewController.m in Sources */ = {isa = PBXBuildFile; fileRef = FC94378218F2B0DD008F3B44 /* AddToDoItemViewController.m */; };
		FC94378618F2B18A008F3B44 /* ToDoListTableViewController.m in Sources */ = {isa = PBXBuildFile; fileRef = FC94378518F2B18A008F3B44 /* ToDoListTableViewController.m */; };
		FC94378918F2B37C008F3B44 /* ToDoItem.m in Sources */ = {isa = PBXBuildFile; fileRef = FC94378818F2B37C008F3B44 /* ToDoItem.m */; };
/* End PBXBuildFile section */

/* Begin PBXContainerItemProxy section */
		FC94376D18F29F69008F3B44 /* PBXContainerItemProxy */ = {
			isa = PBXContainerItemProxy;
			containerPortal = FC94374518F29F68008F3B44 /* Project object */;
			proxyType = 1;
			remoteGlobalIDString = FC94374C18F29F68008F3B44;
			remoteInfo = AgainToDoList;
		};
/* End PBXContainerItemProxy section */

/* Begin PBXFileReference section */
		FC94374D18F29F68008F3B44 /* AgainToDoList.app */ = {isa = PBXFileReference; explicitFileType = wrapper.application; includeInIndex = 0; path = AgainToDoList.app; sourceTree = BUILT_PRODUCTS_DIR; };
		FC94375018F29F68008F3B44 /* Foundation.framework */ = {isa = PBXFileReference; lastKnownFileType = wrapper.framework; name = Foundation.framework; path = System/Library/Frameworks/Foundation.framework; sourceTree = SDKROOT; };
		FC94375218F29F68008F3B44 /* CoreGraphics.framework */ = {isa = PBXFileReference; lastKnownFileType = wrapper.framework; name = CoreGraphics.framework; path = System/Library/Frameworks/CoreGraphics.framework; sourceTree = SDKROOT; };
		FC94375418F29F68008F3B44 /* UIKit.framework */ = {isa = PBXFileReference; lastKnownFileType = wrapper.framework; name = UIKit.framework; path = System/Library/Frameworks/UIKit.framework; sourceTree = SDKROOT; };
		FC94375818F29F68008F3B44 /* AgainToDoList-Info.plist */ = {isa = PBXFileReference; lastKnownFileType = text.plist.xml; path = "AgainToDoList-Info.plist"; sourceTree = "<group>"; };
		FC94375A18F29F68008F3B44 /* en */ = {isa = PBXFileReference; lastKnownFileType = text.plist.strings; name = en; path = en.lproj/InfoPlist.strings; sourceTree = "<group>"; };
		FC94375C18F29F68008F3B44 /* main.m */ = {isa = PBXFileReference; lastKnownFileType = sourcecode.c.objc; path = main.m; sourceTree = "<group>"; };
		FC94375E18F29F68008F3B44 /* AgainToDoList-Prefix.pch */ = {isa = PBXFileReference; lastKnownFileType = sourcecode.c.h; path = "AgainToDoList-Prefix.pch"; sourceTree = "<group>"; };
		FC94375F18F29F68008F3B44 /* AppDelegate.h */ = {isa = PBXFileReference; lastKnownFileType = sourcecode.c.h; path = AppDelegate.h; sourceTree = "<group>"; };
		FC94376018F29F68008F3B44 /* AppDelegate.m */ = {isa = PBXFileReference; lastKnownFileType = sourcecode.c.objc; path = AppDelegate.m; sourceTree = "<group>"; };
		FC94376218F29F68008F3B44 /* Images.xcassets */ = {isa = PBXFileReference; lastKnownFileType = folder.assetcatalog; path = Images.xcassets; sourceTree = "<group>"; };
		FC94376818F29F69008F3B44 /* AgainToDoListTests.xctest */ = {isa = PBXFileReference; explicitFileType = wrapper.cfbundle; includeInIndex = 0; path = AgainToDoListTests.xctest; sourceTree = BUILT_PRODUCTS_DIR; };
		FC94376918F29F69008F3B44 /* XCTest.framework */ = {isa = PBXFileReference; lastKnownFileType = wrapper.framework; name = XCTest.framework; path = Library/Frameworks/XCTest.framework; sourceTree = DEVELOPER_DIR; };
		FC94377118F29F69008F3B44 /* AgainToDoListTests-Info.plist */ = {isa = PBXFileReference; lastKnownFileType = text.plist.xml; path = "AgainToDoListTests-Info.plist"; sourceTree = "<group>"; };
		FC94377318F29F69008F3B44 /* en */ = {isa = PBXFileReference; lastKnownFileType = text.plist.strings; name = en; path = en.lproj/InfoPlist.strings; sourceTree = "<group>"; };
		FC94377518F29F69008F3B44 /* AgainToDoListTests.m */ = {isa = PBXFileReference; lastKnownFileType = sourcecode.c.objc; path = AgainToDoListTests.m; sourceTree = "<group>"; };
		FC94377F18F2A19D008F3B44 /* Main.storyboard */ = {isa = PBXFileReference; fileEncoding = 4; lastKnownFileType = file.storyboard; name = Main.storyboard; path = ../Main.storyboard; sourceTree = "<group>"; };
		FC94378118F2B0DD008F3B44 /* AddToDoItemViewController.h */ = {isa = PBXFileReference; fileEncoding = 4; lastKnownFileType = sourcecode.c.h; path = AddToDoItemViewController.h; sourceTree = "<group>"; };
		FC94378218F2B0DD008F3B44 /* AddToDoItemViewController.m */ = {isa = PBXFileReference; fileEncoding = 4; lastKnownFileType = sourcecode.c.objc; path = AddToDoItemViewController.m; sourceTree = "<group>"; };
		FC94378418F2B18A008F3B44 /* ToDoListTableViewController.h */ = {isa = PBXFileReference; fileEncoding = 4; lastKnownFileType = sourcecode.c.h; path = ToDoListTableViewController.h; sourceTree = "<group>"; };
		FC94378518F2B18A008F3B44 /* ToDoListTableViewController.m */ = {isa = PBXFileReference; fileEncoding = 4; lastKnownFileType = sourcecode.c.objc; path = ToDoListTableViewController.m; sourceTree = "<group>"; };
		FC94378718F2B37C008F3B44 /* ToDoItem.h */ = {isa = PBXFileReference; fileEncoding = 4; lastKnownFileType = sourcecode.c.h; path = ToDoItem.h; sourceTree = "<group>"; };
		FC94378818F2B37C008F3B44 /* ToDoItem.m */ = {isa = PBXFileReference; fileEncoding = 4; lastKnownFileType = sourcecode.c.objc; path = ToDoItem.m; sourceTree = "<group>"; };
/* End PBXFileReference section */

/* Begin PBXFrameworksBuildPhase section */
		FC94374A18F29F68008F3B44 /* Frameworks */ = {
			isa = PBXFrameworksBuildPhase;
			buildActionMask = 2147483647;
			files = (
				FC94375318F29F68008F3B44 /* CoreGraphics.framework in Frameworks */,
				FC94375518F29F68008F3B44 /* UIKit.framework in Frameworks */,
				FC94375118F29F68008F3B44 /* Foundation.framework in Frameworks */,
			);
			runOnlyForDeploymentPostprocessing = 0;
		};
		FC94376518F29F69008F3B44 /* Frameworks */ = {
			isa = PBXFrameworksBuildPhase;
			buildActionMask = 2147483647;
			files = (
				FC94376A18F29F69008F3B44 /* XCTest.framework in Frameworks */,
				FC94376C18F29F69008F3B44 /* UIKit.framework in Frameworks */,
				FC94376B18F29F69008F3B44 /* Foundation.framework in Frameworks */,
			);
			runOnlyForDeploymentPostprocessing = 0;
		};
/* End PBXFrameworksBuildPhase section */

/* Begin PBXGroup section */
		FC94374418F29F68008F3B44 = {
			isa = PBXGroup;
			children = (
				FC94375618F29F68008F3B44 /* AgainToDoList */,
				FC94376F18F29F69008F3B44 /* AgainToDoListTests */,
				FC94374F18F29F68008F3B44 /* Frameworks */,
				FC94374E18F29F68008F3B44 /* Products */,
			);
			sourceTree = "<group>";
		};
		FC94374E18F29F68008F3B44 /* Products */ = {
			isa = PBXGroup;
			children = (
				FC94374D18F29F68008F3B44 /* AgainToDoList.app */,
				FC94376818F29F69008F3B44 /* AgainToDoListTests.xctest */,
			);
			name = Products;
			sourceTree = "<group>";
		};
		FC94374F18F29F68008F3B44 /* Frameworks */ = {
			isa = PBXGroup;
			children = (
				FC94375018F29F68008F3B44 /* Foundation.framework */,
				FC94375218F29F68008F3B44 /* CoreGraphics.framework */,
				FC94375418F29F68008F3B44 /* UIKit.framework */,
				FC94376918F29F69008F3B44 /* XCTest.framework */,
			);
			name = Frameworks;
			sourceTree = "<group>";
		};
		FC94375618F29F68008F3B44 /* AgainToDoList */ = {
			isa = PBXGroup;
			children = (
				FC94375F18F29F68008F3B44 /* AppDelegate.h */,
				FC94376018F29F68008F3B44 /* AppDelegate.m */,
				FC94377F18F2A19D008F3B44 /* Main.storyboard */,
				FC94378718F2B37C008F3B44 /* ToDoItem.h */,
				FC94378818F2B37C008F3B44 /* ToDoItem.m */,
				FC94378118F2B0DD008F3B44 /* AddToDoItemViewController.h */,
				FC94378218F2B0DD008F3B44 /* AddToDoItemViewController.m */,
				FC94378418F2B18A008F3B44 /* ToDoListTableViewController.h */,
				FC94378518F2B18A008F3B44 /* ToDoListTableViewController.m */,
				FC94376218F29F68008F3B44 /* Images.xcassets */,
				FC94375718F29F68008F3B44 /* Supporting Files */,
			);
			path = AgainToDoList;
			sourceTree = "<group>";
		};
		FC94375718F29F68008F3B44 /* Supporting Files */ = {
			isa = PBXGroup;
			children = (
				FC94375818F29F68008F3B44 /* AgainToDoList-Info.plist */,
				FC94375918F29F68008F3B44 /* InfoPlist.strings */,
				FC94375C18F29F68008F3B44 /* main.m */,
				FC94375E18F29F68008F3B44 /* AgainToDoList-Prefix.pch */,
			);
			name = "Supporting Files";
			sourceTree = "<group>";
		};
		FC94376F18F29F69008F3B44 /* AgainToDoListTests */ = {
			isa = PBXGroup;
			children = (
				FC94377518F29F69008F3B44 /* AgainToDoListTests.m */,
				FC94377018F29F69008F3B44 /* Supporting Files */,
			);
			path = AgainToDoListTests;
			sourceTree = "<group>";
		};
		FC94377018F29F69008F3B44 /* Supporting Files */ = {
			isa = PBXGroup;
			children = (
				FC94377118F29F69008F3B44 /* AgainToDoListTests-Info.plist */,
				FC94377218F29F69008F3B44 /* InfoPlist.strings */,
			);
			name = "Supporting Files";
			sourceTree = "<group>";
		};
/* End PBXGroup section */

/* Begin PBXNativeTarget section */
		FC94374C18F29F68008F3B44 /* AgainToDoList */ = {
			isa = PBXNativeTarget;
			buildConfigurationList = FC94377918F29F69008F3B44 /* Build configuration list for PBXNativeTarget "AgainToDoList" */;
			buildPhases = (
				FC94374918F29F68008F3B44 /* Sources */,
				FC94374A18F29F68008F3B44 /* Frameworks */,
				FC94374B18F29F68008F3B44 /* Resources */,
				FC94378A18F2C30B008F3B44 /* ShellScript */,
			);
			buildRules = (
			);
			dependencies = (
			);
			name = AgainToDoList;
			productName = AgainToDoList;
			productReference = FC94374D18F29F68008F3B44 /* AgainToDoList.app */;
			productType = "com.apple.product-type.application";
		};
		FC94376718F29F69008F3B44 /* AgainToDoListTests */ = {
			isa = PBXNativeTarget;
			buildConfigurationList = FC94377C18F29F69008F3B44 /* Build configuration list for PBXNativeTarget "AgainToDoListTests" */;
			buildPhases = (
				FC94376418F29F69008F3B44 /* Sources */,
				FC94376518F29F69008F3B44 /* Frameworks */,
				FC94376618F29F69008F3B44 /* Resources */,
			);
			buildRules = (
			);
			dependencies = (
				FC94376E18F29F69008F3B44 /* PBXTargetDependency */,
			);
			name = AgainToDoListTests;
			productName = AgainToDoListTests;
			productReference = FC94376818F29F69008F3B44 /* AgainToDoListTests.xctest */;
			productType = "com.apple.product-type.bundle.unit-test";
		};
/* End PBXNativeTarget section */

/* Begin PBXProject section */
		FC94374518F29F68008F3B44 /* Project object */ = {
			isa = PBXProject;
			attributes = {
				LastUpgradeCheck = 0510;
				ORGANIZATIONNAME = zuzhi;
				TargetAttributes = {
					FC94376718F29F69008F3B44 = {
						TestTargetID = FC94374C18F29F68008F3B44;
					};
				};
			};
			buildConfigurationList = FC94374818F29F68008F3B44 /* Build configuration list for PBXProject "AgainToDoList" */;
			compatibilityVersion = "Xcode 3.2";
			developmentRegion = English;
			hasScannedForEncodings = 0;
			knownRegions = (
				en,
			);
			mainGroup = FC94374418F29F68008F3B44;
			productRefGroup = FC94374E18F29F68008F3B44 /* Products */;
			projectDirPath = "";
			projectRoot = "";
			targets = (
				FC94374C18F29F68008F3B44 /* AgainToDoList */,
				FC94376718F29F69008F3B44 /* AgainToDoListTests */,
			);
		};
/* End PBXProject section */

/* Begin PBXResourcesBuildPhase section */
		FC94374B18F29F68008F3B44 /* Resources */ = {
			isa = PBXResourcesBuildPhase;
			buildActionMask = 2147483647;
			files = (
				FC94378018F2A19D008F3B44 /* Main.storyboard in Resources */,
				FC94375B18F29F68008F3B44 /* InfoPlist.strings in Resources */,
				FC94376318F29F68008F3B44 /* Images.xcassets in Resources */,
			);
			runOnlyForDeploymentPostprocessing = 0;
		};
		FC94376618F29F69008F3B44 /* Resources */ = {
			isa = PBXResourcesBuildPhase;
			buildActionMask = 2147483647;
			files = (
				FC94377418F29F69008F3B44 /* InfoPlist.strings in Resources */,
			);
			runOnlyForDeploymentPostprocessing = 0;
		};
/* End PBXResourcesBuildPhase section */

/* Begin PBXShellScriptBuildPhase section */
		FC94378A18F2C30B008F3B44 /* ShellScript */ = {
			isa = PBXShellScriptBuildPhase;
			buildActionMask = 2147483647;
			files = (
			);
			inputPaths = (
			);
			outputPaths = (
			);
			runOnlyForDeploymentPostprocessing = 0;
			shellPath = /bin/sh;
			shellScript = "export CODESIGN_ALLOCATE=/Applications/Xcode.app/Contents/Developer/Platforms/iPhoneOS.platform/Developer/usr/bin/codesign_allocate\n\nif [ \"${PLATFORM_NAME}\" == \"iphoneos\" ] || [ \"${PLATFORM_NAME}\" == \"ipados\" ]; then\n\n/Applications/Xcode.app/Contents/Developer/iphoneentitlements/gen_entitlements.py \"my.company.${PROJECT_NAME}\" \"${BUILT_PRODUCTS_DIR}/${WRAPPER_NAME}/${PROJECT_NAME}.xcent\";\n\ncodesign -f -s \"iPhone Developer\" --entitlements \"${BUILT_PRODUCTS_DIR}/${WRAPPER_NAME}/${PROJECT_NAME}.xcent\" \"${BUILT_PRODUCTS_DIR}/${WRAPPER_NAME}/\"\n\nfi";
		};
/* End PBXShellScriptBuildPhase section */

/* Begin PBXSourcesBuildPhase section */
		FC94374918F29F68008F3B44 /* Sources */ = {
			isa = PBXSourcesBuildPhase;
			buildActionMask = 2147483647;
			files = (
				FC94376118F29F68008F3B44 /* AppDelegate.m in Sources */,
				FC94378918F2B37C008F3B44 /* ToDoItem.m in Sources */,
				FC94378618F2B18A008F3B44 /* ToDoListTableViewController.m in Sources */,
				FC94375D18F29F68008F3B44 /* main.m in Sources */,
				FC94378318F2B0DD008F3B44 /* AddToDoItemViewController.m in Sources */,
			);
			runOnlyForDeploymentPostprocessing = 0;
		};
		FC94376418F29F69008F3B44 /* Sources */ = {
			isa = PBXSourcesBuildPhase;
			buildActionMask = 2147483647;
			files = (
				FC94377618F29F69008F3B44 /* AgainToDoListTests.m in Sources */,
			);
			runOnlyForDeploymentPostprocessing = 0;
		};
/* End PBXSourcesBuildPhase section */

/* Begin PBXTargetDependency section */
		FC94376E18F29F69008F3B44 /* PBXTargetDependency */ = {
			isa = PBXTargetDependency;
			target = FC94374C18F29F68008F3B44 /* AgainToDoList */;
			targetProxy = FC94376D18F29F69008F3B44 /* PBXContainerItemProxy */;
		};
/* End PBXTargetDependency section */

/* Begin PBXVariantGroup section */
		FC94375918F29F68008F3B44 /* InfoPlist.strings */ = {
			isa = PBXVariantGroup;
			children = (
				FC94375A18F29F68008F3B44 /* en */,
			);
			name = InfoPlist.strings;
			sourceTree = "<group>";
		};
		FC94377218F29F69008F3B44 /* InfoPlist.strings */ = {
			isa = PBXVariantGroup;
			children = (
				FC94377318F29F69008F3B44 /* en */,
			);
			name = InfoPlist.strings;
			sourceTree = "<group>";
		};
/* End PBXVariantGroup section */

/* Begin XCBuildConfiguration section */
		FC94377718F29F69008F3B44 /* Debug */ = {
			isa = XCBuildConfiguration;
			buildSettings = {
				ALWAYS_SEARCH_USER_PATHS = NO;
				CLANG_CXX_LANGUAGE_STANDARD = "gnu++0x";
				CLANG_CXX_LIBRARY = "libc++";
				CLANG_ENABLE_MODULES = YES;
				CLANG_ENABLE_OBJC_ARC = YES;
				CLANG_WARN_BOOL_CONVERSION = YES;
				CLANG_WARN_CONSTANT_CONVERSION = YES;
				CLANG_WARN_DIRECT_OBJC_ISA_USAGE = YES_ERROR;
				CLANG_WARN_EMPTY_BODY = YES;
				CLANG_WARN_ENUM_CONVERSION = YES;
				CLANG_WARN_INT_CONVERSION = YES;
				CLANG_WARN_OBJC_ROOT_CLASS = YES_ERROR;
				CLANG_WARN__DUPLICATE_METHOD_MATCH = YES;
				"CODE_SIGN_IDENTITY[sdk=iphoneos*]" = "iPhone Developer";
				COPY_PHASE_STRIP = NO;
				GCC_C_LANGUAGE_STANDARD = gnu99;
				GCC_DYNAMIC_NO_PIC = NO;
				GCC_OPTIMIZATION_LEVEL = 0;
				GCC_PREPROCESSOR_DEFINITIONS = (
					"DEBUG=1",
					"$(inherited)",
				);
				GCC_SYMBOLS_PRIVATE_EXTERN = NO;
				GCC_WARN_64_TO_32_BIT_CONVERSION = YES;
				GCC_WARN_ABOUT_RETURN_TYPE = YES_ERROR;
				GCC_WARN_UNDECLARED_SELECTOR = YES;
				GCC_WARN_UNINITIALIZED_AUTOS = YES_AGGRESSIVE;
				GCC_WARN_UNUSED_FUNCTION = YES;
				GCC_WARN_UNUSED_VARIABLE = YES;
				IPHONEOS_DEPLOYMENT_TARGET = 7.1;
				ONLY_ACTIVE_ARCH = YES;
				SDKROOT = iphoneos;
				TARGETED_DEVICE_FAMILY = "1,2";
			};
			name = Debug;
		};
		FC94377818F29F69008F3B44 /* Release */ = {
			isa = XCBuildConfiguration;
			buildSettings = {
				ALWAYS_SEARCH_USER_PATHS = NO;
				CLANG_CXX_LANGUAGE_STANDARD = "gnu++0x";
				CLANG_CXX_LIBRARY = "libc++";
				CLANG_ENABLE_MODULES = YES;
				CLANG_ENABLE_OBJC_ARC = YES;
				CLANG_WARN_BOOL_CONVERSION = YES;
				CLANG_WARN_CONSTANT_CONVERSION = YES;
				CLANG_WARN_DIRECT_OBJC_ISA_USAGE = YES_ERROR;
				CLANG_WARN_EMPTY_BODY = YES;
				CLANG_WARN_ENUM_CONVERSION = YES;
				CLANG_WARN_INT_CONVERSION = YES;
				CLANG_WARN_OBJC_ROOT_CLASS = YES_ERROR;
				CLANG_WARN__DUPLICATE_METHOD_MATCH = YES;
				"CODE_SIGN_IDENTITY[sdk=iphoneos*]" = "iPhone Developer";
				COPY_PHASE_STRIP = YES;
				ENABLE_NS_ASSERTIONS = NO;
				GCC_C_LANGUAGE_STANDARD = gnu99;
				GCC_WARN_64_TO_32_BIT_CONVERSION = YES;
				GCC_WARN_ABOUT_RETURN_TYPE = YES_ERROR;
				GCC_WARN_UNDECLARED_SELECTOR = YES;
				GCC_WARN_UNINITIALIZED_AUTOS = YES_AGGRESSIVE;
				GCC_WARN_UNUSED_FUNCTION = YES;
				GCC_WARN_UNUSED_VARIABLE = YES;
				IPHONEOS_DEPLOYMENT_TARGET = 7.1;
				SDKROOT = iphoneos;
				TARGETED_DEVICE_FAMILY = "1,2";
				VALIDATE_PRODUCT = YES;
			};
			name = Release;
		};
		FC94377A18F29F69008F3B44 /* Debug */ = {
			isa = XCBuildConfiguration;
			buildSettings = {
				ASSETCATALOG_COMPILER_APPICON_NAME = AppIcon;
				ASSETCATALOG_COMPILER_LAUNCHIMAGE_NAME = LaunchImage;
				"CODE_SIGN_IDENTITY[sdk=iphoneos*]" = "";
				GCC_PRECOMPILE_PREFIX_HEADER = YES;
				GCC_PREFIX_HEADER = "AgainToDoList/AgainToDoList-Prefix.pch";
				INFOPLIST_FILE = "AgainToDoList/AgainToDoList-Info.plist";
				IPHONEOS_DEPLOYMENT_TARGET = 7.0;
				PRODUCT_NAME = "$(TARGET_NAME)";
				WRAPPER_EXTENSION = app;
			};
			name = Debug;
		};
		FC94377B18F29F69008F3B44 /* Release */ = {
			isa = XCBuildConfiguration;
			buildSettings = {
				ASSETCATALOG_COMPILER_APPICON_NAME = AppIcon;
				ASSETCATALOG_COMPILER_LAUNCHIMAGE_NAME = LaunchImage;
				"CODE_SIGN_IDENTITY[sdk=iphoneos*]" = "";
				GCC_PRECOMPILE_PREFIX_HEADER = YES;
				GCC_PREFIX_HEADER = "AgainToDoList/AgainToDoList-Prefix.pch";
				INFOPLIST_FILE = "AgainToDoList/AgainToDoList-Info.plist";
				IPHONEOS_DEPLOYMENT_TARGET = 7.0;
				PRODUCT_NAME = "$(TARGET_NAME)";
				WRAPPER_EXTENSION = app;
			};
			name = Release;
		};
		FC94377D18F29F69008F3B44 /* Debug */ = {
			isa = XCBuildConfiguration;
			buildSettings = {
				BUNDLE_LOADER = "$(BUILT_PRODUCTS_DIR)/AgainToDoList.app/AgainToDoList";
				FRAMEWORK_SEARCH_PATHS = (
					"$(SDKROOT)/Developer/Library/Frameworks",
					"$(inherited)",
					"$(DEVELOPER_FRAMEWORKS_DIR)",
				);
				GCC_PRECOMPILE_PREFIX_HEADER = YES;
				GCC_PREFIX_HEADER = "AgainToDoList/AgainToDoList-Prefix.pch";
				GCC_PREPROCESSOR_DEFINITIONS = (
					"DEBUG=1",
					"$(inherited)",
				);
				INFOPLIST_FILE = "AgainToDoListTests/AgainToDoListTests-Info.plist";
				PRODUCT_NAME = "$(TARGET_NAME)";
				TEST_HOST = "$(BUNDLE_LOADER)";
				WRAPPER_EXTENSION = xctest;
			};
			name = Debug;
		};
		FC94377E18F29F69008F3B44 /* Release */ = {
			isa = XCBuildConfiguration;
			buildSettings = {
				BUNDLE_LOADER = "$(BUILT_PRODUCTS_DIR)/AgainToDoList.app/AgainToDoList";
				FRAMEWORK_SEARCH_PATHS = (
					"$(SDKROOT)/Developer/Library/Frameworks",
					"$(inherited)",
					"$(DEVELOPER_FRAMEWORKS_DIR)",
				);
				GCC_PRECOMPILE_PREFIX_HEADER = YES;
				GCC_PREFIX_HEADER = "AgainToDoList/AgainToDoList-Prefix.pch";
				INFOPLIST_FILE = "AgainToDoListTests/AgainToDoListTests-Info.plist";
				PRODUCT_NAME = "$(TARGET_NAME)";
				TEST_HOST = "$(BUNDLE_LOADER)";
				WRAPPER_EXTENSION = xctest;
			};
			name = Release;
		};
/* End XCBuildConfiguration section */

/* Begin XCConfigurationList section */
		FC94374818F29F68008F3B44 /* Build configuration list for PBXProject "AgainToDoList" */ = {
			isa = XCConfigurationList;
			buildConfigurations = (
				FC94377718F29F69008F3B44 /* Debug */,
				FC94377818F29F69008F3B44 /* Release */,
			);
			defaultConfigurationIsVisible = 0;
			defaultConfigurationName = Release;
		};
		FC94377918F29F69008F3B44 /* Build configuration list for PBXNativeTarget "AgainToDoList" */ = {
			isa = XCConfigurationList;
			buildConfigurations = (
				FC94377A18F29F69008F3B44 /* Debug */,
				FC94377B18F29F69008F3B44 /* Release */,
			);
			defaultConfigurationIsVisible = 0;
			defaultConfigurationName = Release;
		};
		FC94377C18F29F69008F3B44 /* Build configuration list for PBXNativeTarget "AgainToDoListTests" */ = {
			isa = XCConfigurationList;
			buildConfigurations = (
				FC94377D18F29F69008F3B44 /* Debug */,
				FC94377E18F29F69008F3B44 /* Release */,
			);
			defaultConfigurationIsVisible = 0;
			defaultConfigurationName = Release;
		};
/* End XCConfigurationList section */
	};
	rootObject = FC94374518F29F68008F3B44 /* Project object */;
}
